Microsoft Visual Studio Solution File, Format Version 12.00
# Visual Studio Version 17
VisualStudioVersion = 17.5.2.0
MinimumVisualStudioVersion = 10.0.40219.1
Project("{FAE04EC0-301F-11D3-BF4B-00C04F79EFBC}") = "registroAsistencia", "registroAsistencia.csproj", "{1BBAB919-8FAC-6273-A118-1558BA771559}"
EndProject
Global
	GlobalSection(SolutionConfigurationPlatforms) = preSolution
		Debug|Any CPU = Debug|Any CPU
		Release|Any CPU = Release|Any CPU
	EndGlobalSection
	GlobalSection(ProjectConfigurationPlatforms) = postSolution
		{1BBAB919-8FAC-6273-A118-1558BA771559}.Debug|Any CPU.ActiveCfg = Debug|Any CPU
		{1BBAB919-8FAC-6273-A118-1558BA771559}.Debug|Any CPU.Build.0 = Debug|Any CPU
		{1BBAB919-8FAC-6273-A118-1558BA771559}.Release|Any CPU.ActiveCfg = Release|Any CPU
		{1BBAB919-8FAC-6273-A118-1558BA771559}.Release|Any CPU.Build.0 = Release|Any CPU
	EndGlobalSection
	GlobalSection(SolutionProperties) = preSolution
		HideSolutionNode = FALSE
	EndGlobalSection
	GlobalSection(ExtensibilityGlobals) = postSolution
		SolutionGuid = {FF50702C-E106-44F5-BBDE-1794DB6BAAF4}
	EndGlobalSection
EndGlobal
